// !$*UTF8*$!
{
	archiveVersion = 1;
	classes = {
	};
	objectVersion = 46;
	objects = {

/* Begin PBXBuildFile section */
		21A316991D7E595A0016BCAE /* main.m in Sources */ = {isa = PBXBuildFile; fileRef = 21A316981D7E595A0016BCAE /* main.m */; };
		21A3169C1D7E595A0016BCAE /* AppDelegate.m in Sources */ = {isa = PBXBuildFile; fileRef = 21A3169B1D7E595A0016BCAE /* AppDelegate.m */; };
		21A3169F1D7E595A0016BCAE /* ViewController.m in Sources */ = {isa = PBXBuildFile; fileRef = 21A3169E1D7E595A0016BCAE /* ViewController.m */; };
		21A316A21D7E595A0016BCAE /* Main.storyboard in Resources */ = {isa = PBXBuildFile; fileRef = 21A316A01D7E595A0016BCAE /* Main.storyboard */; };
		21A316A41D7E595A0016BCAE /* Assets.xcassets in Resources */ = {isa = PBXBuildFile; fileRef = 21A316A31D7E595A0016BCAE /* Assets.xcassets */; };
		21A316A71D7E595A0016BCAE /* LaunchScreen.storyboard in Resources */ = {isa = PBXBuildFile; fileRef = 21A316A51D7E595A0016BCAE /* LaunchScreen.storyboard */; };
		21A316B21D7E595A0016BCAE /* WZTextViewTests.m in Sources */ = {isa = PBXBuildFile; fileRef = 21A316B11D7E595A0016BCAE /* WZTextViewTests.m */; };
		21A316BD1D7E595A0016BCAE /* WZTextViewUITests.m in Sources */ = {isa = PBXBuildFile; fileRef = 21A316BC1D7E595A0016BCAE /* WZTextViewUITests.m */; };
		21A316CC1D7E59720016BCAE /* WZTextView.m in Sources */ = {isa = PBXBuildFile; fileRef = 21A316CB1D7E59720016BCAE /* WZTextView.m */; };
		21A316CF1D7E5DAF0016BCAE /* UIView+Frame.m in Sources */ = {isa = PBXBuildFile; fileRef = 21A316CE1D7E5DAF0016BCAE /* UIView+Frame.m */; };
/* End PBXBuildFile section */

/* Begin PBXContainerItemProxy section */
		21A316AE1D7E595A0016BCAE /* PBXContainerItemProxy */ = {
			isa = PBXContainerItemProxy;
			containerPortal = 21A3168C1D7E595A0016BCAE /* Project object */;
			proxyType = 1;
			remoteGlobalIDString = 21A316931D7E595A0016BCAE;
			remoteInfo = WZTextView;
		};
		21A316B91D7E595A0016BCAE /* PBXContainerItemProxy */ = {
			isa = PBXContainerItemProxy;
			containerPortal = 21A3168C1D7E595A0016BCAE /* Project object */;
			proxyType = 1;
			remoteGlobalIDString = 21A316931D7E595A0016BCAE;
			remoteInfo = WZTextView;
		};
/* End PBXContainerItemProxy section */

/* Begin PBXFileReference section */
		21A316941D7E595A0016BCAE /* WZTextView.app */ = {isa = PBXFileReference; explicitFileType = wrapper.application; includeInIndex = 0; path = WZTextView.app; sourceTree = BUILT_PRODUCTS_DIR; };
		21A316981D7E595A0016BCAE /* main.m */ = {isa = PBXFileReference; lastKnownFileType = sourcecode.c.objc; path = main.m; sourceTree = "<group>"; };
		21A3169A1D7E595A0016BCAE /* AppDelegate.h */ = {isa = PBXFileReference; lastKnownFileType = sourcecode.c.h; path = AppDelegate.h; sourceTree = "<group>"; };
		21A3169B1D7E595A0016BCAE /* AppDelegate.m */ = {isa = PBXFileReference; lastKnownFileType = sourcecode.c.objc; path = AppDelegate.m; sourceTree = "<group>"; };
		21A3169D1D7E595A0016BCAE /* ViewController.h */ = {isa = PBXFileReference; lastKnownFileType = sourcecode.c.h; path = ViewController.h; sourceTree = "<group>"; };
		21A3169E1D7E595A0016BCAE /* ViewController.m */ = {isa = PBXFileReference; lastKnownFileType = sourcecode.c.objc; path = ViewController.m; sourceTree = "<group>"; };
		21A316A11D7E595A0016BCAE /* Base */ = {isa = PBXFileReference; lastKnownFileType = file.storyboard; name = Base; path = Base.lproj/Main.storyboard; sourceTree = "<group>"; };
		21A316A31D7E595A0016BCAE /* Assets.xcassets */ = {isa = PBXFileReference; lastKnownFileType = folder.assetcatalog; path = Assets.xcassets; sourceTree = "<group>"; };
		21A316A61D7E595A0016BCAE /* Base */ = {isa = PBXFileReference; lastKnownFileType = file.storyboard; name = Base; path = Base.lproj/LaunchScreen.storyboard; sourceTree = "<group>"; };
		21A316A81D7E595A0016BCAE /* Info.plist */ = {isa = PBXFileReference; lastKnownFileType = text.plist.xml; path = Info.plist; sourceTree = "<group>"; };
		21A316AD1D7E595A0016BCAE /* WZTextViewTests.xctest */ = {isa = PBXFileReference; explicitFileType = wrapper.cfbundle; includeInIndex = 0; path = WZTextViewTests.xctest; sourceTree = BUILT_PRODUCTS_DIR; };
		21A316B11D7E595A0016BCAE /* WZTextViewTests.m */ = {isa = PBXFileReference; lastKnownFileType = sourcecode.c.objc; path = WZTextViewTests.m; sourceTree = "<group>"; };
		21A316B31D7E595A0016BCAE /* Info.plist */ = {isa = PBXFileReference; lastKnownFileType = text.plist.xml; path = Info.plist; sourceTree = "<group>"; };
		21A316B81D7E595A0016BCAE /* WZTextViewUITests.xctest */ = {isa = PBXFileReference; explicitFileType = wrapper.cfbundle; includeInIndex = 0; path = WZTextViewUITests.xctest; sourceTree = BUILT_PRODUCTS_DIR; };
		21A316BC1D7E595A0016BCAE /* WZTextViewUITests.m */ = {isa = PBXFileReference; lastKnownFileType = sourcecode.c.objc; path = WZTextViewUITests.m; sourceTree = "<group>"; };
		21A316BE1D7E595A0016BCAE /* Info.plist */ = {isa = PBXFileReference; lastKnownFileType = text.plist.xml; path = Info.plist; sourceTree = "<group>"; };
		21A316CA1D7E59720016BCAE /* WZTextView.h */ = {isa = PBXFileReference; fileEncoding = 4; lastKnownFileType = sourcecode.c.h; path = WZTextView.h; sourceTree = "<group>"; };
		21A316CB1D7E59720016BCAE /* WZTextView.m */ = {isa = PBXFileReference; fileEncoding = 4; lastKnownFileType = sourcecode.c.objc; path = WZTextView.m; sourceTree = "<group>"; };
		21A316CD1D7E5DAF0016BCAE /* UIView+Frame.h */ = {isa = PBXFileReference; fileEncoding = 4; lastKnownFileType = sourcecode.c.h; path = "UIView+Frame.h"; sourceTree = "<group>"; };
		21A316CE1D7E5DAF0016BCAE /* UIView+Frame.m */ = {isa = PBXFileReference; fileEncoding = 4; lastKnownFileType = sourcecode.c.objc; path = "UIView+Frame.m"; sourceTree = "<group>"; };
/* End PBXFileReference section */

/* Begin PBXFrameworksBuildPhase section */
		21A316911D7E595A0016BCAE /* Frameworks */ = {
			isa = PBXFrameworksBuildPhase;
			buildActionMask = 2147483647;
			files = (
			);
			runOnlyForDeploymentPostprocessing = 0;
		};
		21A316AA1D7E595A0016BCAE /* Frameworks */ = {
			isa = PBXFrameworksBuildPhase;
			buildActionMask = 2147483647;
			files = (
			);
			runOnlyForDeploymentPostprocessing = 0;
		};
		21A316B51D7E595A0016BCAE /* Frameworks */ = {
			isa = PBXFrameworksBuildPhase;
			buildActionMask = 2147483647;
			files = (
			);
			runOnlyForDeploymentPostprocessing = 0;
		};
/* End PBXFrameworksBuildPhase section */

/* Begin PBXGroup section */
		21A3168B1D7E595A0016BCAE = {
			isa = PBXGroup;
			children = (
				21A316961D7E595A0016BCAE /* WZTextView */,
				21A316B01D7E595A0016BCAE /* WZTextViewTests */,
				21A316BB1D7E595A0016BCAE /* WZTextViewUITests */,
				21A316951D7E595A0016BCAE /* Products */,
			);
			sourceTree = "<group>";
		};
		21A316951D7E595A0016BCAE /* Products */ = {
			isa = PBXGroup;
			children = (
				21A316941D7E595A0016BCAE /* WZTextView.app */,
				21A316AD1D7E595A0016BCAE /* WZTextViewTests.xctest */,
				21A316B81D7E595A0016BCAE /* WZTextViewUITests.xctest */,
			);
			name = Products;
			sourceTree = "<group>";
		};
		21A316961D7E595A0016BCAE /* WZTextView */ = {
			isa = PBXGroup;
			children = (
				21A316CD1D7E5DAF0016BCAE /* UIView+Frame.h */,
				21A316CE1D7E5DAF0016BCAE /* UIView+Frame.m */,
				21A316CA1D7E59720016BCAE /* WZTextView.h */,
				21A316CB1D7E59720016BCAE /* WZTextView.m */,
				21A3169A1D7E595A0016BCAE /* AppDelegate.h */,
				21A3169B1D7E595A0016BCAE /* AppDelegate.m */,
				21A3169D1D7E595A0016BCAE /* ViewController.h */,
				21A3169E1D7E595A0016BCAE /* ViewController.m */,
				21A316A01D7E595A0016BCAE /* Main.storyboard */,
				21A316A31D7E595A0016BCAE /* Assets.xcassets */,
				21A316A51D7E595A0016BCAE /* LaunchScreen.storyboard */,
				21A316A81D7E595A0016BCAE /* Info.plist */,
				21A316971D7E595A0016BCAE /* Supporting Files */,
			);
			path = WZTextView;
			sourceTree = "<group>";
		};
		21A316971D7E595A0016BCAE /* Supporting Files */ = {
			isa = PBXGroup;
			children = (
				21A316981D7E595A0016BCAE /* main.m */,
			);
			name = "Supporting Files";
			sourceTree = "<group>";
		};
		21A316B01D7E595A0016BCAE /* WZTextViewTests */ = {
			isa = PBXGroup;
			children = (
				21A316B11D7E595A0016BCAE /* WZTextViewTests.m */,
				21A316B31D7E595A0016BCAE /* Info.plist */,
			);
			path = WZTextViewTests;
			sourceTree = "<group>";
		};
		21A316BB1D7E595A0016BCAE /* WZTextViewUITests */ = {
			isa = PBXGroup;
			children = (
				21A316BC1D7E595A0016BCAE /* WZTextViewUITests.m */,
				21A316BE1D7E595A0016BCAE /* Info.plist */,
			);
			path = WZTextViewUITests;
			sourceTree = "<group>";
		};
/* End PBXGroup section */

/* Begin PBXNativeTarget section */
		21A316931D7E595A0016BCAE /* WZTextView */ = {
			isa = PBXNativeTarget;
			buildConfigurationList = 21A316C11D7E595A0016BCAE /* Build configuration list for PBXNativeTarget "WZTextView" */;
			buildPhases = (
				21A316901D7E595A0016BCAE /* Sources */,
				21A316911D7E595A0016BCAE /* Frameworks */,
				21A316921D7E595A0016BCAE /* Resources */,
			);
			buildRules = (
			);
			dependencies = (
			);
			name = WZTextView;
			productName = WZTextView;
			productReference = 21A316941D7E595A0016BCAE /* WZTextView.app */;
			productType = "com.apple.product-type.application";
		};
		21A316AC1D7E595A0016BCAE /* WZTextViewTests */ = {
			isa = PBXNativeTarget;
			buildConfigurationList = 21A316C41D7E595A0016BCAE /* Build configuration list for PBXNativeTarget "WZTextViewTests" */;
			buildPhases = (
				21A316A91D7E595A0016BCAE /* Sources */,
				21A316AA1D7E595A0016BCAE /* Frameworks */,
				21A316AB1D7E595A0016BCAE /* Resources */,
			);
			buildRules = (
			);
			dependencies = (
				21A316AF1D7E595A0016BCAE /* PBXTargetDependency */,
			);
			name = WZTextViewTests;
			productName = WZTextViewTests;
			productReference = 21A316AD1D7E595A0016BCAE /* WZTextViewTests.xctest */;
			productType = "com.apple.product-type.bundle.unit-test";
		};
		21A316B71D7E595A0016BCAE /* WZTextViewUITests */ = {
			isa = PBXNativeTarget;
			buildConfigurationList = 21A316C71D7E595A0016BCAE /* Build configuration list for PBXNativeTarget "WZTextViewUITests" */;
			buildPhases = (
				21A316B41D7E595A0016BCAE /* Sources */,
				21A316B51D7E595A0016BCAE /* Frameworks */,
				21A316B61D7E595A0016BCAE /* Resources */,
			);
			buildRules = (
			);
			dependencies = (
				21A316BA1D7E595A0016BCAE /* PBXTargetDependency */,
			);
			name = WZTextViewUITests;
			productName = WZTextViewUITests;
			productReference = 21A316B81D7E595A0016BCAE /* WZTextViewUITests.xctest */;
			productType = "com.apple.product-type.bundle.ui-testing";
		};
/* End PBXNativeTarget section */

/* Begin PBXProject section */
		21A3168C1D7E595A0016BCAE /* Project object */ = {
			isa = PBXProject;
			attributes = {
				LastUpgradeCheck = 0730;
				ORGANIZATIONNAME = lnest;
				TargetAttributes = {
					21A316931D7E595A0016BCAE = {
						CreatedOnToolsVersion = 7.3.1;
						DevelopmentTeam = 5V3M77J9F9;
					};
					21A316AC1D7E595A0016BCAE = {
						CreatedOnToolsVersion = 7.3.1;
						DevelopmentTeam = 5V3M77J9F9;
						TestTargetID = 21A316931D7E595A0016BCAE;
					};
					21A316B71D7E595A0016BCAE = {
						CreatedOnToolsVersion = 7.3.1;
						DevelopmentTeam = 5V3M77J9F9;
						TestTargetID = 21A316931D7E595A0016BCAE;
					};
				};
			};
			buildConfigurationList = 21A3168F1D7E595A0016BCAE /* Build configuration list for PBXProject "WZTextView" */;
			compatibilityVersion = "Xcode 3.2";
			developmentRegion = English;
			hasScannedForEncodings = 0;
			knownRegions = (
				en,
				Base,
			);
			mainGroup = 21A3168B1D7E595A0016BCAE;
			productRefGroup = 21A316951D7E595A0016BCAE /* Products */;
			projectDirPath = "";
			projectRoot = "";
			targets = (
				21A316931D7E595A0016BCAE /* WZTextView */,
				21A316AC1D7E595A0016BCAE /* WZTextViewTests */,
				21A316B71D7E595A0016BCAE /* WZTextViewUITests */,
			);
		};
/* End PBXProject section */

/* Begin PBXResourcesBuildPhase section */
		21A316921D7E595A0016BCAE /* Resources */ = {
			isa = PBXResourcesBuildPhase;
			buildActionMask = 2147483647;
			files = (
				21A316A71D7E595A0016BCAE /* LaunchScreen.storyboard in Resources */,
				21A316A41D7E595A0016BCAE /* Assets.xcassets in Resources */,
				21A316A21D7E595A0016BCAE /* Main.storyboard in Resources */,
			);
			runOnlyForDeploymentPostprocessing = 0;
		};
		21A316AB1D7E595A0016BCAE /* Resources */ = {
			isa = PBXResourcesBuildPhase;
			buildActionMask = 2147483647;
			files = (
			);
			runOnlyForDeploymentPostprocessing = 0;
		};
		21A316B61D7E595A0016BCAE /* Resources */ = {
			isa = PBXResourcesBuildPhase;
			buildActionMask = 2147483647;
			files = (
			);
			runOnlyForDeploymentPostprocessing = 0;
		};
/* End PBXResourcesBuildPhase section */

/* Begin PBXSourcesBuildPhase section */
		21A316901D7E595A0016BCAE /* Sources */ = {
			isa = PBXSourcesBuildPhase;
			buildActionMask = 2147483647;
			files = (
				21A316CC1D7E59720016BCAE /* WZTextView.m in Sources */,
				21A3169F1D7E595A0016BCAE /* ViewController.m in Sources */,
				21A3169C1D7E595A0016BCAE /* AppDelegate.m in Sources */,
				21A316CF1D7E5DAF0016BCAE /* UIView+Frame.m in Sources */,
				21A316991D7E595A0016BCAE /* main.m in Sources */,
			);
			runOnlyForDeploymentPostprocessing = 0;
		};
		21A316A91D7E595A0016BCAE /* Sources */ = {
			isa = PBXSourcesBuildPhase;
			buildActionMask = 2147483647;
			files = (
				21A316B21D7E595A0016BCAE /* WZTextViewTests.m in Sources */,
			);
			runOnlyForDeploymentPostprocessing = 0;
		};
		21A316B41D7E595A0016BCAE /* Sources */ = {
			isa = PBXSourcesBuildPhase;
			buildActionMask = 2147483647;
			files = (
				21A316BD1D7E595A0016BCAE /* WZTextViewUITests.m in Sources */,
			);
			runOnlyForDeploymentPostprocessing = 0;
		};
/* End PBXSourcesBuildPhase section */

/* Begin PBXTargetDependency section */
		21A316AF1D7E595A0016BCAE /* PBXTargetDependency */ = {
			isa = PBXTargetDependency;
			target = 21A316931D7E595A0016BCAE /* WZTextView */;
			targetProxy = 21A316AE1D7E595A0016BCAE /* PBXContainerItemProxy */;
		};
		21A316BA1D7E595A0016BCAE /* PBXTargetDependency */ = {
			isa = PBXTargetDependency;
			target = 21A316931D7E595A0016BCAE /* WZTextView */;
			targetProxy = 21A316B91D7E595A0016BCAE /* PBXContainerItemProxy */;
		};
/* End PBXTargetDependency section */

/* Begin PBXVariantGroup section */
		21A316A01D7E595A0016BCAE /* Main.storyboard */ = {
			isa = PBXVariantGroup;
			children = (
				21A316A11D7E595A0016BCAE /* Base */,
			);
			name = Main.storyboard;
			sourceTree = "<group>";
		};
		21A316A51D7E595A0016BCAE /* LaunchScreen.storyboard */ = {
			isa = PBXVariantGroup;
			children = (
				21A316A61D7E595A0016BCAE /* Base */,
			);
			name = LaunchScreen.storyboard;
			sourceTree = "<group>";
		};
/* End PBXVariantGroup section */

/* Begin XCBuildConfiguration section */
		21A316BF1D7E595A0016BCAE /* Debug */ = {
			isa = XCBuildConfiguration;
			buildSettings = {
				ALWAYS_SEARCH_USER_PATHS = NO;
				CLANG_ANALYZER_NONNULL = YES;
				CLANG_CXX_LANGUAGE_STANDARD = "gnu++0x";
				CLANG_CXX_LIBRARY = "libc++";
				CLANG_ENABLE_MODULES = YES;
				CLANG_ENABLE_OBJC_ARC = YES;
				CLANG_WARN_BOOL_CONVERSION = YES;
				CLANG_WARN_CONSTANT_CONVERSION = YES;
				CLANG_WARN_DIRECT_OBJC_ISA_USAGE = YES_ERROR;
				CLANG_WARN_EMPTY_BODY = YES;
				CLANG_WARN_ENUM_CONVERSION = YES;
				CLANG_WARN_INT_CONVERSION = YES;
				CLANG_WARN_OBJC_ROOT_CLASS = YES_ERROR;
				CLANG_WARN_UNREACHABLE_CODE = YES;
				CLANG_WARN__DUPLICATE_METHOD_MATCH = YES;
				"CODE_SIGN_IDENTITY[sdk=iphoneos*]" = "iPhone Developer";
				COPY_PHASE_STRIP = NO;
				DEBUG_INFORMATION_FORMAT = dwarf;
				ENABLE_STRICT_OBJC_MSGSEND = YES;
				ENABLE_TESTABILITY = YES;
				GCC_C_LANGUAGE_STANDARD = gnu99;
				GCC_DYNAMIC_NO_PIC = NO;
				GCC_NO_COMMON_BLOCKS = YES;
				GCC_OPTIMIZATION_LEVEL = 0;
				GCC_PREPROCESSOR_DEFINITIONS = (
					"DEBUG=1",
					"$(inherited)",
				);
				GCC_WARN_64_TO_32_BIT_CONVERSION = YES;
				GCC_WARN_ABOUT_RETURN_TYPE = YES_ERROR;
				GCC_WARN_UNDECLARED_SELECTOR = YES;
				GCC_WARN_UNINITIALIZED_AUTOS = YES_AGGRESSIVE;
				GCC_WARN_UNUSED_FUNCTION = YES;
				GCC_WARN_UNUSED_VARIABLE = YES;
				IPHONEOS_DEPLOYMENT_TARGET = 9.3;
				MTL_ENABLE_DEBUG_INFO = YES;
				ONLY_ACTIVE_ARCH = YES;
				SDKROOT = iphoneos;
			};
			name = Debug;
		};
		21A316C01D7E595A0016BCAE /* Release */ = {
			isa = XCBuildConfiguration;
			buildSettings = {
				ALWAYS_SEARCH_USER_PATHS = NO;
				CLANG_ANALYZER_NONNULL = YES;
				CLANG_CXX_LANGUAGE_STANDARD = "gnu++0x";
				CLANG_CXX_LIBRARY = "libc++";
				CLANG_ENABLE_MODULES = YES;
				CLANG_ENABLE_OBJC_ARC = YES;
				CLANG_WARN_BOOL_CONVERSION = YES;
				CLANG_WARN_CONSTANT_CONVERSION = YES;
				CLANG_WARN_DIRECT_OBJC_ISA_USAGE = YES_ERROR;
				CLANG_WARN_EMPTY_BODY = YES;
				CLANG_WARN_ENUM_CONVERSION = YES;
				CLANG_WARN_INT_CONVERSION = YES;
				CLANG_WARN_OBJC_ROOT_CLASS = YES_ERROR;
				CLANG_WARN_UNREACHABLE_CODE = YES;
				CLANG_WARN__DUPLICATE_METHOD_MATCH = YES;
				"CODE_SIGN_IDENTITY[sdk=iphoneos*]" = "iPhone Developer";
				COPY_PHASE_STRIP = NO;
				DEBUG_INFORMATION_FORMAT = "dwarf-with-dsym";
				ENABLE_NS_ASSERTIONS = NO;
				ENABLE_STRICT_OBJC_MSGSEND = YES;
				GCC_C_LANGUAGE_STANDARD = gnu99;
				GCC_NO_COMMON_BLOCKS = YES;
				GCC_WARN_64_TO_32_BIT_CONVERSION = YES;
				GCC_WARN_ABOUT_RETURN_TYPE = YES_ERROR;
				GCC_WARN_UNDECLARED_SELECTOR = YES;
				GCC_WARN_UNINITIALIZED_AUTOS = YES_AGGRESSIVE;
				GCC_WARN_UNUSED_FUNCTION = YES;
				GCC_WARN_UNUSED_VARIABLE = YES;
				IPHONEOS_DEPLOYMENT_TARGET = 9.3;
				MTL_ENABLE_DEBUG_INFO = NO;
				SDKROOT = iphoneos;
				VALIDATE_PRODUCT = YES;
			};
			name = Release;
		};
		21A316C21D7E595A0016BCAE /* Debug */ = {
			isa = XCBuildConfiguration;
			buildSettings = {
				ASSETCATALOG_COMPILER_APPICON_NAME = AppIcon;
				INFOPLIST_FILE = WZTextView/Info.plist;
				LD_RUNPATH_SEARCH_PATHS = "$(inherited) @executable_path/Frameworks";
				PRODUCT_BUNDLE_IDENTIFIER = com.wen.WZTextView;
				PRODUCT_NAME = "$(TARGET_NAME)";
			};
			name = Debug;
		};
		21A316C31D7E595A0016BCAE /* Release */ = {
			isa = XCBuildConfiguration;
			buildSettings = {
				ASSETCATALOG_COMPILER_APPICON_NAME = AppIcon;
				INFOPLIST_FILE = WZTextView/Info.plist;
				LD_RUNPATH_SEARCH_PATHS = "$(inherited) @executable_path/Frameworks";
				PRODUCT_BUNDLE_IDENTIFIER = com.wen.WZTextView;
				PRODUCT_NAME = "$(TARGET_NAME)";
			};
			name = Release;
		};
		21A316C51D7E595A0016BCAE /* Debug */ = {
			isa = XCBuildConfiguration;
			buildSettings = {
				BUNDLE_LOADER = "$(TEST_HOST)";
				INFOPLIST_FILE = WZTextViewTests/Info.plist;
				LD_RUNPATH_SEARCH_PATHS = "$(inherited) @executable_path/Frameworks @loader_path/Frameworks";
				PRODUCT_BUNDLE_IDENTIFIER = com.wen.WZTextViewTests;
				PRODUCT_NAME = "$(TARGET_NAME)";
				TEST_HOST = "$(BUILT_PRODUCTS_DIR)/WZTextView.app/WZTextView";
			};
			name = Debug;
		};
		21A316C61D7E595A0016BCAE /* Release */ = {
			isa = XCBuildConfiguration;
			buildSettings = {
				BUNDLE_LOADER = "$(TEST_HOST)";
				INFOPLIST_FILE = WZTextViewTests/Info.plist;
				LD_RUNPATH_SEARCH_PATHS = "$(inherited) @executable_path/Frameworks @loader_path/Frameworks";
				PRODUCT_BUNDLE_IDENTIFIER = com.wen.WZTextViewTests;
				PRODUCT_NAME = "$(TARGET_NAME)";
				TEST_HOST = "$(BUILT_PRODUCTS_DIR)/WZTextView.app/WZTextView";
			};
			name = Release;
		};
		21A316C81D7E595A0016BCAE /* Debug */ = {
			isa = XCBuildConfiguration;
			buildSettings = {
				INFOPLIST_FILE = WZTextViewUITests/Info.plist;
				LD_RUNPATH_SEARCH_PATHS = "$(inherited) @executable_path/Frameworks @loader_path/Frameworks";
				PRODUCT_BUNDLE_IDENTIFIER = com.wen.WZTextViewUITests;
				PRODUCT_NAME = "$(TARGET_NAME)";
				TEST_TARGET_NAME = WZTextView;
			};
			name = Debug;
		};
		21A316C91D7E595A0016BCAE /* Release */ = {
			isa = XCBuildConfiguration;
			buildSettings = {
				INFOPLIST_FILE = WZTextViewUITests/Info.plist;
				LD_RUNPATH_SEARCH_PATHS = "$(inherited) @executable_path/Frameworks @loader_path/Frameworks";
				PRODUCT_BUNDLE_IDENTIFIER = com.wen.WZTextViewUITests;
				PRODUCT_NAME = "$(TARGET_NAME)";
				TEST_TARGET_NAME = WZTextView;
			};
			name = Release;
		};
/* End XCBuildConfiguration section */

/* Begin XCConfigurationList section */
		21A3168F1D7E595A0016BCAE /* Build configuration list for PBXProject "WZTextView" */ = {
			isa = XCConfigurationList;
			buildConfigurations = (
				21A316BF1D7E595A0016BCAE /* Debug */,
				21A316C01D7E595A0016BCAE /* Release */,
			);
			defaultConfigurationIsVisible = 0;
			defaultConfigurationName = Release;
		};
		21A316C11D7E595A0016BCAE /* Build configuration list for PBXNativeTarget "WZTextView" */ = {
			isa = XCConfigurationList;
			buildConfigurations = (
				21A316C21D7E595A0016BCAE /* Debug */,
				21A316C31D7E595A0016BCAE /* Release */,
			);
			defaultConfigurationIsVisible = 0;
		};
		21A316C41D7E595A0016BCAE /* Build configuration list for PBXNativeTarget "WZTextViewTests" */ = {
			isa = XCConfigurationList;
			buildConfigurations = (
				21A316C51D7E595A0016BCAE /* Debug */,
				21A316C61D7E595A0016BCAE /* Release */,
			);
			defaultConfigurationIsVisible = 0;
		};
		21A316C71D7E595A0016BCAE /* Build configuration list for PBXNativeTarget "WZTextViewUITests" */ = {
			isa = XCConfigurationList;
			buildConfigurations = (
				21A316C81D7E595A0016BCAE /* Debug */,
				21A316C91D7E595A0016BCAE /* Release */,
			);
			defaultConfigurationIsVisible = 0;
		};
/* End XCConfigurationList section */
	};
	rootObject = 21A3168C1D7E595A0016BCAE /* Project object */;
}
